[[package]]
name = "certifi"
version = "2021.10.8"
description = "Python package for providing Mozilla's CA Bundle."
category = "main"
optional = false
python-versions = "*"

[[package]]
name = "charset-normalizer"
version = "2.0.12"
description = "The Real First Universal Charset Detector. Open, modern and actively maintained alternative to Chardet."
category = "main"
optional = false
python-versions = ">=3.5.0"

[package.extras]
unicode_backport = ["unicodedata2"]

[[package]]
name = "dependency-injector"
version = "4.38.0"
description = "Dependency injection framework for Python"
category = "main"
optional = false
python-versions = "*"

[package.dependencies]
six = ">=1.7.0,<=1.16.0"

[package.extras]
aiohttp = ["aiohttp"]
flask = ["flask"]
pydantic = ["pydantic"]
yaml = ["pyyaml"]

[[package]]
name = "docker"
version = "5.0.3"
description = "A Python library for the Docker Engine API."
category = "main"
optional = false
python-versions = ">=3.6"

[package.dependencies]
pywin32 = {version = "227", markers = "sys_platform == \"win32\""}
requests = ">=2.14.2,<2.18.0 || >2.18.0"
websocket-client = ">=0.32.0"

[package.extras]
ssh = ["paramiko (>=2.4.2)"]
tls = ["pyOpenSSL (>=17.5.0)", "cryptography (>=3.4.7)", "idna (>=2.0.0)"]

[[package]]
name = "docutils"
version = "0.18.1"
description = "Docutils -- Python Documentation Utilities"
category = "main"
optional = false
python-versions = ">=2.7, !=3.0.*, !=3.1.*, !=3.2.*, !=3.3.*, !=3.4.*"

[[package]]
name = "idna"
version = "3.3"
description = "Internationalized Domain Names in Applications (IDNA)"
category = "main"
optional = false
python-versions = ">=3.5"

[[package]]
name = "lockfile"
version = "0.12.2"
description = "Platform-independent file locking module"
category = "main"
optional = false
python-versions = "*"

[[package]]
name = "luigi"
version = "3.0.3"
description = "Workflow mgmgt + task scheduling + dependency resolution."
category = "main"
optional = false
python-versions = "*"

[package.dependencies]
python-daemon = "*"
python-dateutil = ">=2.7.5,<3"
tenacity = ">=6.3.0,<7"
tornado = ">=5.0,<7"

[package.extras]
prometheus = ["prometheus-client (==0.5.0)"]
toml = ["toml (<2.0.0)"]

[[package]]
name = "python-daemon"
version = "2.3.0"
description = "Library to implement a well-behaved Unix daemon process."
category = "main"
optional = false
python-versions = "*"

[package.dependencies]
docutils = "*"
lockfile = ">=0.10"

[package.extras]
test = ["coverage", "docutils", "testscenarios (>=0.4)", "testtools"]

[[package]]
name = "python-dateutil"
version = "2.8.2"
description = "Extensions to the standard Python datetime module"
category = "main"
optional = false
python-versions = "!=3.0.*,!=3.1.*,!=3.2.*,>=2.7"

[package.dependencies]
six = ">=1.5"

[[package]]
name = "pywin32"
version = "227"
description = "Python for Window Extensions"
category = "main"
optional = false
python-versions = "*"

[[package]]
name = "requests"
version = "2.27.1"
description = "Python HTTP for Humans."
category = "main"
optional = false
python-versions = ">=2.7, !=3.0.*, !=3.1.*, !=3.2.*, !=3.3.*, !=3.4.*, !=3.5.*"

[package.dependencies]
certifi = ">=2017.4.17"
charset-normalizer = {version = ">=2.0.0,<2.1.0", markers = "python_version >= \"3\""}
idna = {version = ">=2.5,<4", markers = "python_version >= \"3\""}
urllib3 = ">=1.21.1,<1.27"

[package.extras]
socks = ["PySocks (>=1.5.6,!=1.5.7)", "win-inet-pton"]
use_chardet_on_py3 = ["chardet (>=3.0.2,<5)"]

[[package]]
name = "six"
version = "1.16.0"
description = "Python 2 and 3 compatibility utilities"
category = "main"
optional = false
python-versions = ">=2.7, !=3.0.*, !=3.1.*, !=3.2.*"

[[package]]
name = "tenacity"
version = "6.3.1"
description = "Retry code until it succeeds"
category = "main"
optional = false
python-versions = "*"

[package.dependencies]
six = ">=1.9.0"

[package.extras]
doc = ["reno", "sphinx", "tornado (>=4.5)"]

[[package]]
name = "tornado"
version = "6.1"
description = "Tornado is a Python web framework and asynchronous networking library, originally developed at FriendFeed."
category = "main"
optional = false
python-versions = ">= 3.5"

[[package]]
name = "urllib3"
version = "1.26.9"
description = "HTTP library with thread-safe connection pooling, file post, and more."
category = "main"
optional = false
python-versions = ">=2.7, !=3.0.*, !=3.1.*, !=3.2.*, !=3.3.*, !=3.4.*, <4"

[package.extras]
brotli = ["brotlicffi (>=0.8.0)", "brotli (>=1.0.9)", "brotlipy (>=0.6.0)"]
secure = ["pyOpenSSL (>=0.14)", "cryptography (>=1.3.4)", "idna (>=2.0.0)", "certifi", "ipaddress"]
socks = ["PySocks (>=1.5.6,!=1.5.7,<2.0)"]

[[package]]
name = "websocket-client"
version = "1.3.1"
description = "WebSocket client for Python with low level API options"
category = "main"
optional = false
python-versions = ">=3.6"

[package.extras]
docs = ["Sphinx (>=3.4)", "sphinx-rtd-theme (>=0.5)"]
optional = ["python-socks", "wsaccel"]
test = ["websockets"]

[metadata]
lock-version = "1.1"
python-versions = "^3.10"
content-hash = "61d775f3bd578306ef1c444a272c58c5784eccc853ad7c19065c12871c87cd5d"

[metadata.files]
certifi = [
    {file = "certifi-2021.10.8-py2.py3-none-any.whl", hash = "sha256:d62a0163eb4c2344ac042ab2bdf75399a71a2d8c7d47eac2e2ee91b9d6339569"},
    {file = "certifi-2021.10.8.tar.gz", hash = "sha256:78884e7c1d4b00ce3cea67b44566851c4343c120abd683433ce934a68ea58872"},
]
charset-normalizer = [
    {file = "charset-normalizer-2.0.12.tar.gz", hash = "sha256:2857e29ff0d34db842cd7ca3230549d1a697f96ee6d3fb071cfa6c7393832597"},
    {file = "charset_normalizer-2.0.12-py3-none-any.whl", hash = "sha256:6881edbebdb17b39b4eaaa821b438bf6eddffb4468cf344f09f89def34a8b1df"},
]
dependency-injector = [
    {file = "dependency-injector-4.38.0.tar.gz", hash = "sha256:bab4c323d822d3fc9936e8eb3c2f5553d75e9efdadac11d5b293a016e31a1477"},
    {file = "dependency_injector-4.38.0-cp310-cp310-macosx_10_9_x86_64.whl", hash = "sha256:025eb5f97021663715bff8e01feb83d5b2f66fc17ece1042a194f1aae88c0d85"},
    {file = "dependency_injector-4.38.0-cp310-cp310-manylinux_2_17_aarch64.manylinux2014_aarch64.whl", hash = "sha256:f3c61334b196ab767eae43af207764349287d5eb0283d8ed1ab24608121aea35"},
    {file = "dependency_injector-4.38.0-cp310-cp310-manylinux_2_5_i686.manylinux1_i686.manylinux_2_12_i686.manylinux2010_i686.whl", hash = "sha256:9bf4bfc52015e81c4f17647b7bbbe4e4549f041b3c6635b44a9ecede7594932c"},
    {file = "dependency_injector-4.38.0-cp310-cp310-manylinux_2_5_x86_64.manylinux1_x86_64.manylinux_2_12_x86_64.manylinux2010_x86_64.whl", hash = "sha256:7aeba5882b06baf78978f33228e4c44133dada9173e330da68fbccca98520848"},
    {file = "dependency_injector-4.38.0-cp310-cp310-win32.whl", hash = "sha256:445dbf5324eee215a465d7f3b1965b05e199c31caa09e63abf0f02d982791306"},
    {file = "dependency_injector-4.38.0-cp310-cp310-win_amd64.whl", hash = "sha256:880edbcb5d810faa0623112e2e652a7bec73d20ce0708d9db998a0a40b62cbb9"},
    {file = "dependency_injector-4.38.0-cp36-cp36m-macosx_10_9_x86_64.whl", hash = "sha256:cd6f1c130462e7461a43f82fdc0d2ba25b5ef594db823dbd0e57f3d1b7c44f86"},
    {file = "dependency_injector-4.38.0-cp36-cp36m-manylinux_2_17_aarch64.manylinux2014_aarch64.whl", hash = "sha256:0be75905f7513886699d3ff5ed9aca233175c03808fc888da2a53b83af0a5d65"},
    {file = "dependency_injector-4.38.0-cp36-cp36m-manylinux_2_5_i686.manylinux1_i686.manylinux_2_12_i686.manylinux2010_i686.whl", hash = "sha256:8d7f1a7d27de6295ce8b7ca69d1177817bf36c7cbaf73819e4bab04f87c5e962"},
    {file = "dependency_injector-4.38.0-cp36-cp36m-manylinux_2_5_x86_64.manylinux1_x86_64.manylinux_2_12_x86_64.manylinux2010_x86_64.whl", hash = "sha256:e9c1ff387d7b7d814e9d29a531c6804acc67b1cca578c09abd3590fa7ec6bf06"},
    {file = "dependency_injector-4.38.0-cp36-cp36m-win32.whl", hash = "sha256:7770efcbc6915dabbb31ea0bdeee1105dabf76e1c8e31a454cb1983dcf19ecf1"},
    {file = "dependency_injector-4.38.0-cp36-cp36m-win_amd64.whl", hash = "sha256:9e89a9c88317ad237abfb374c410e1466476ffefe6c44f3caeca3dce747a635c"},
    {file = "dependency_injector-4.38.0-cp37-cp37m-macosx_10_9_x86_64.whl", hash = "sha256:cb75cd29c132bfaf03a11a6ac4f459dddb7a6526669543de57d2bb5fddf78def"},
    {file = "dependency_injector-4.38.0-cp37-cp37m-manylinux_2_17_aarch64.manylinux2014_aarch64.whl", hash = "sha256:d116c56e7fc3b59b3afa6078163b5f6ff4680ebf27800dd4032de7a04f7ef777"},
    {file = "dependency_injector-4.38.0-cp37-cp37m-manylinux_2_5_i686.manylinux1_i686.manylinux_2_12_i686.manylinux2010_i686.whl", hash = "sha256:9df330ef9e24b6f94e6764d23180350c2fb99785257233ee4738e066b876fa7f"},
    {file = "dependency_injector-4.38.0-cp37-cp37m-manylinux_2_5_x86_64.manylinux1_x86_64.manylinux_2_12_x86_64.manylinux2010_x86_64.whl", hash = "sha256:7a46639038313f64eca2dc858ac4cd9e0aca5ea21bb005f5d754aadd6446ba4b"},
    {file = "dependency_injector-4.38.0-cp37-cp37m-win32.whl", hash = "sha256:d0d983b269b657744058b5858afc3c59443db53afe9c3e709e316daa9f9b9454"},
    {file = "dependency_injector-4.38.0-cp37-cp37m-win_amd64.whl", hash = "sha256:1446df58169c166a5a2d5644ba9eeb3b7f2f679f260596f78d012c58ff140d92"},
    {file = "dependency_injector-4.38.0-cp38-cp38-macosx_10_9_x86_64.whl", hash = "sha256:307396f2d9d2f532fe92079a56d40af5fc60dacb1d766e3f9cd04c3802a1c251"},
    {file = "dependency_injector-4.38.0-cp38-cp38-manylinux_2_17_aarch64.manylinux2014_aarch64.whl", hash = "sha256:8dd96b6c454ab86648f57f37b895c1c976b1a82b76f835011f607ee8a78ebc0e"},
    {file = "dependency_injector-4.38.0-cp38-cp38-manylinux_2_5_i686.manylinux1_i686.manylinux_2_12_i686.manylinux2010_i686.whl", hash = "sha256:fb44b17e649cabcfd1f370ecfd492ac7a93216776d91954b31598eecb36cdb13"},
    {file = "dependency_injector-4.38.0-cp38-cp38-manylinux_2_5_x86_64.manylinux1_x86_64.manylinux_2_12_x86_64.manylinux2010_x86_64.whl", hash = "sha256:ab8ebe728dd9b3be23c40ca5a5dbe195050d9ad35d42d7e9fdaea816f7134584"},
    {file = "dependency_injector-4.38.0-cp38-cp38-win32.whl", hash = "sha256:1da3bad1452212bab76e87fbf7a71d3675190a1a909f345aaf8bae2fa97b878f"},
    {file = "dependency_injector-4.38.0-cp38-cp38-win_amd64.whl", hash = "sha256:2918776e88de88be0e2be036261180ca0605c8f64ead43d835ce852f16a9efd2"},
    {file = "dependency_injector-4.38.0-cp39-cp39-macosx_10_9_x86_64.whl", hash = "sha256:493be62561218624380d4eca9243a46753444f677217db6292a7b715cf429172"},
    {file = "dependency_injector-4.38.0-cp39-cp39-manylinux_2_17_aarch64.manylinux2014_aarch64.whl", hash = "sha256:0a70511db88f84ac4228b27e37e12ea0e04a9c2a32cae3602b9af9a27c0db992"},
    {file = "dependency_injector-4.38.0-cp39-cp39-manylinux_2_5_i686.manylinux1_i686.manylinux_2_12_i686.manylinux2010_i686.whl", hash = "sha256:5e3e1cfe41a5ada0ff71889563441f538caff0399e41d3ee377b60fa50a858bf"},
    {file = "dependency_injector-4.38.0-cp39-cp39-manylinux_2_5_x86_64.manylinux1_x86_64.manylinux_2_12_x86_64.manylinux2010_x86_64.whl", hash = "sha256:116cc679a2c6d40c6a4f968aefe68535e596e88e96315dbd0d0ad2ff76654e3d"},
    {file = "dependency_injector-4.38.0-cp39-cp39-win32.whl", hash = "sha256:f703c2c161de067ba9893b56743d24fb4c9dbff92eb504bc082c2d2cfeab4c01"},
    {file = "dependency_injector-4.38.0-cp39-cp39-win_amd64.whl", hash = "sha256:6821a864d6405dc0d5f794ac1b10da4a8c7e8731c6a0651a9682a0b76f5a5b3e"},
    {file = "dependency_injector-4.38.0-pp37-pypy37_pp73-macosx_10_9_x86_64.whl", hash = "sha256:6c9e8dc91aa5831bd3a58fec1b94ed8c52f78f601f5ab91135b5ad44325beef7"},
    {file = "dependency_injector-4.38.0-pp37-pypy37_pp73-manylinux_2_17_aarch64.manylinux2014_aarch64.whl", hash = "sha256:2b4eedadef0c84295b70803a79a3ce5a10a59dddd8f306876f6fa6bfc4de8e00"},
    {file = "dependency_injector-4.38.0-pp37-pypy37_pp73-manylinux_2_5_i686.manylinux1_i686.manylinux_2_12_i686.manylinux2010_i686.whl", hash = "sha256:2e88b5d09c80e20d6b3d985cc360f39a81e748667c20f6bc7eee9f4b832176ed"},
    {file = "dependency_injector-4.38.0-pp37-pypy37_pp73-manylinux_2_5_x86_64.manylinux1_x86_64.manylinux_2_12_x86_64.manylinux2010_x86_64.whl", hash = "sha256:b1fcd71ff46e097f4e47917ccdf6aa388b6a6372557f7d9f83db1e879e95f8bb"},
    {file = "dependency_injector-4.38.0-pp37-pypy37_pp73-win_amd64.whl", hash = "sha256:9633d6366282e83a3f21543c5c78299787948333d9fe6649b020cfac93d8b7ca"},
]
docker = [
    {file = "docker-5.0.3-py2.py3-none-any.whl", hash = "sha256:7a79bb439e3df59d0a72621775d600bc8bc8b422d285824cb37103eab91d1ce0"},
    {file = "docker-5.0.3.tar.gz", hash = "sha256:d916a26b62970e7c2f554110ed6af04c7ccff8e9f81ad17d0d40c75637e227fb"},
]
docutils = [
    {file = "docutils-0.18.1-py2.py3-none-any.whl", hash = "sha256:23010f129180089fbcd3bc08cfefccb3b890b0050e1ca00c867036e9d161b98c"},
    {file = "docutils-0.18.1.tar.gz", hash = "sha256:679987caf361a7539d76e584cbeddc311e3aee937877c87346f31debc63e9d06"},
]
idna = [
    {file = "idna-3.3-py3-none-any.whl", hash = "sha256:84d9dd047ffa80596e0f246e2eab0b391788b0503584e8945f2368256d2735ff"},
    {file = "idna-3.3.tar.gz", hash = "sha256:9d643ff0a55b762d5cdb124b8eaa99c66322e2157b69160bc32796e824360e6d"},
]
lockfile = [
    {file = "lockfile-0.12.2-py2.py3-none-any.whl", hash = "sha256:6c3cb24f344923d30b2785d5ad75182c8ea7ac1b6171b08657258ec7429d50fa"},
    {file = "lockfile-0.12.2.tar.gz", hash = "sha256:6aed02de03cba24efabcd600b30540140634fc06cfa603822d508d5361e9f799"},
]
luigi = [
    {file = "luigi-3.0.3.tar.gz", hash = "sha256:7edc05a32bcff5aad28d7c7e3b15b761ef13fe2a495692602ebf0800eba66849"},
]
python-daemon = [
    {file = "python-daemon-2.3.0.tar.gz", hash = "sha256:bda993f1623b1197699716d68d983bb580043cf2b8a66a01274d9b8297b0aeaf"},
    {file = "python_daemon-2.3.0-py2.py3-none-any.whl", hash = "sha256:191c7b67b8f7aac58849abf54e19fe1957ef7290c914210455673028ad454989"},
]
python-dateutil = [
    {file = "python-dateutil-2.8.2.tar.gz", hash = "sha256:0123cacc1627ae19ddf3c27a5de5bd67ee4586fbdd6440d9748f8abb483d3e86"},
    {file = "python_dateutil-2.8.2-py2.py3-none-any.whl", hash = "sha256:961d03dc3453ebbc59dbdea9e4e11c5651520a876d0f4db161e8674aae935da9"},
]
pywin32 = [
    {file = "pywin32-227-cp27-cp27m-win32.whl", hash = "sha256:371fcc39416d736401f0274dd64c2302728c9e034808e37381b5e1b22be4a6b0"},
    {file = "pywin32-227-cp27-cp27m-win_amd64.whl", hash = "sha256:4cdad3e84191194ea6d0dd1b1b9bdda574ff563177d2adf2b4efec2a244fa116"},
    {file = "pywin32-227-cp35-cp35m-win32.whl", hash = "sha256:f4c5be1a293bae0076d93c88f37ee8da68136744588bc5e2be2f299a34ceb7aa"},
    {file = "pywin32-227-cp35-cp35m-win_amd64.whl", hash = "sha256:a929a4af626e530383a579431b70e512e736e9588106715215bf685a3ea508d4"},
    {file = "pywin32-227-cp36-cp36m-win32.whl", hash = "sha256:300a2db938e98c3e7e2093e4491439e62287d0d493fe07cce110db070b54c0be"},
    {file = "pywin32-227-cp36-cp36m-win_amd64.whl", hash = "sha256:9b31e009564fb95db160f154e2aa195ed66bcc4c058ed72850d047141b36f3a2"},
    {file = "pywin32-227-cp37-cp37m-win32.whl", hash = "sha256:47a3c7551376a865dd8d095a98deba954a98f326c6fe3c72d8726ca6e6b15507"},
    {file = "pywin32-227-cp37-cp37m-win_amd64.whl", hash = "sha256:31f88a89139cb2adc40f8f0e65ee56a8c585f629974f9e07622ba80199057511"},
    {file = "pywin32-227-cp38-cp38-win32.whl", hash = "sha256:7f18199fbf29ca99dff10e1f09451582ae9e372a892ff03a28528a24d55875bc"},
    {file = "pywin32-227-cp38-cp38-win_amd64.whl", hash = "sha256:7c1ae32c489dc012930787f06244426f8356e129184a02c25aef163917ce158e"},
    {file = "pywin32-227-cp39-cp39-win32.whl", hash = "sha256:c054c52ba46e7eb6b7d7dfae4dbd987a1bb48ee86debe3f245a2884ece46e295"},
    {file = "pywin32-227-cp39-cp39-win_amd64.whl", hash = "sha256:f27cec5e7f588c3d1051651830ecc00294f90728d19c3bf6916e6dba93ea357c"},
]
requests = [
    {file = "requests-2.27.1-py2.py3-none-any.whl", hash = "sha256:f22fa1e554c9ddfd16e6e41ac79759e17be9e492b3587efa038054674760e72d"},
    {file = "requests-2.27.1.tar.gz", hash = "sha256:68d7c56fd5a8999887728ef304a6d12edc7be74f1cfa47714fc8b414525c9a61"},
]
six = [
    {file = "six-1.16.0-py2.py3-none-any.whl", hash = "sha256:8abb2f1d86890a2dfb989f9a77cfcfd3e47c2a354b01111771326f8aa26e0254"},
    {file = "six-1.16.0.tar.gz", hash = "sha256:1e61c37477a1626458e36f7b1d82aa5c9b094fa4802892072e49de9c60c4c926"},
]
tenacity = [
    {file = "tenacity-6.3.1-py2.py3-none-any.whl", hash = "sha256:baed357d9f35ec64264d8a4bbf004c35058fad8795c5b0d8a7dc77ecdcbb8f39"},
    {file = "tenacity-6.3.1.tar.gz", hash = "sha256:e14d191fb0a309b563904bbc336582efe2037de437e543b38da749769b544d7f"},
]
tornado = [
    {file = "tornado-6.1-cp35-cp35m-macosx_10_9_x86_64.whl", hash = "sha256:d371e811d6b156d82aa5f9a4e08b58debf97c302a35714f6f45e35139c332e32"},
    {file = "tornado-6.1-cp35-cp35m-manylinux1_i686.whl", hash = "sha256:0d321a39c36e5f2c4ff12b4ed58d41390460f798422c4504e09eb5678e09998c"},
    {file = "tornado-6.1-cp35-cp35m-manylinux1_x86_64.whl", hash = "sha256:9de9e5188a782be6b1ce866e8a51bc76a0fbaa0e16613823fc38e4fc2556ad05"},
    {file = "tornado-6.1-cp35-cp35m-manylinux2010_i686.whl", hash = "sha256:61b32d06ae8a036a6607805e6720ef00a3c98207038444ba7fd3d169cd998910"},
    {file = "tornado-6.1-cp35-cp35m-manylinux2010_x86_64.whl", hash = "sha256:3e63498f680547ed24d2c71e6497f24bca791aca2fe116dbc2bd0ac7f191691b"},
    {file = "tornado-6.1-cp35-cp35m-manylinux2014_aarch64.whl", hash = "sha256:6c77c9937962577a6a76917845d06af6ab9197702a42e1346d8ae2e76b5e3675"},
    {file = "tornado-6.1-cp35-cp35m-win32.whl", hash = "sha256:6286efab1ed6e74b7028327365cf7346b1d777d63ab30e21a0f4d5b275fc17d5"},
    {file = "tornado-6.1-cp35-cp35m-win_amd64.whl", hash = "sha256:fa2ba70284fa42c2a5ecb35e322e68823288a4251f9ba9cc77be04ae15eada68"},
    {file = "tornado-6.1-cp36-cp36m-macosx_10_9_x86_64.whl", hash = "sha256:0a00ff4561e2929a2c37ce706cb8233b7907e0cdc22eab98888aca5dd3775feb"},
    {file = "tornado-6.1-cp36-cp36m-manylinux1_i686.whl", hash = "sha256:748290bf9112b581c525e6e6d3820621ff020ed95af6f17fedef416b27ed564c"},
    {file = "tornado-6.1-cp36-cp36m-manylinux1_x86_64.whl", hash = "sha256:e385b637ac3acaae8022e7e47dfa7b83d3620e432e3ecb9a3f7f58f150e50921"},
    {file = "tornado-6.1-cp36-cp36m-manylinux2010_i686.whl", hash = "sha256:25ad220258349a12ae87ede08a7b04aca51237721f63b1808d39bdb4b2164558"},
    {file = "tornado-6.1-cp36-cp36m-manylinux2010_x86_64.whl", hash = "sha256:65d98939f1a2e74b58839f8c4dab3b6b3c1ce84972ae712be02845e65391ac7c"},
    {file = "tornado-6.1-cp36-cp36m-manylinux2014_aarch64.whl", hash = "sha256:e519d64089b0876c7b467274468709dadf11e41d65f63bba207e04217f47c085"},
    {file = "tornado-6.1-cp36-cp36m-win32.whl", hash = "sha256:b87936fd2c317b6ee08a5741ea06b9d11a6074ef4cc42e031bc6403f82a32575"},
    {file = "tornado-6.1-cp36-cp36m-win_amd64.whl", hash = "sha256:cc0ee35043162abbf717b7df924597ade8e5395e7b66d18270116f8745ceb795"},
    {file = "tornado-6.1-cp37-cp37m-macosx_10_9_x86_64.whl", hash = "sha256:7250a3fa399f08ec9cb3f7b1b987955d17e044f1ade821b32e5f435130250d7f"},
    {file = "tornado-6.1-cp37-cp37m-manylinux1_i686.whl", hash = "sha256:ed3ad863b1b40cd1d4bd21e7498329ccaece75db5a5bf58cd3c9f130843e7102"},
    {file = "tornado-6.1-cp37-cp37m-manylinux1_x86_64.whl", hash = "sha256:dcef026f608f678c118779cd6591c8af6e9b4155c44e0d1bc0c87c036fb8c8c4"},
    {file = "tornado-6.1-cp37-cp37m-manylinux2010_i686.whl", hash = "sha256:70dec29e8ac485dbf57481baee40781c63e381bebea080991893cd297742b8fd"},
    {file = "tornado-6.1-cp37-cp37m-manylinux2010_x86_64.whl", hash = "sha256:d3f7594930c423fd9f5d1a76bee85a2c36fd8b4b16921cae7e965f22575e9c01"},
    {file = "tornado-6.1-cp37-cp37m-manylinux2014_aarch64.whl", hash = "sha256:3447475585bae2e77ecb832fc0300c3695516a47d46cefa0528181a34c5b9d3d"},
    {file = "tornado-6.1-cp37-cp37m-win32.whl", hash = "sha256:e7229e60ac41a1202444497ddde70a48d33909e484f96eb0da9baf8dc68541df"},
    {file = "tornado-6.1-cp37-cp37m-win_amd64.whl", hash = "sha256:cb5ec8eead331e3bb4ce8066cf06d2dfef1bfb1b2a73082dfe8a161301b76e37"},
    {file = "tornado-6.1-cp38-cp38-macosx_10_9_x86_64.whl", hash = "sha256:20241b3cb4f425e971cb0a8e4ffc9b0a861530ae3c52f2b0434e6c1b57e9fd95"},
    {file = "tornado-6.1-cp38-cp38-manylinux1_i686.whl", hash = "sha256:c77da1263aa361938476f04c4b6c8916001b90b2c2fdd92d8d535e1af48fba5a"},
    {file = "tornado-6.1-cp38-cp38-manylinux1_x86_64.whl", hash = "sha256:fba85b6cd9c39be262fcd23865652920832b61583de2a2ca907dbd8e8a8c81e5"},
    {file = "tornado-6.1-cp38-cp38-manylinux2010_i686.whl", hash = "sha256:1e8225a1070cd8eec59a996c43229fe8f95689cb16e552d130b9793cb570a288"},
    {file = "tornado-6.1-cp38-cp38-manylinux2010_x86_64.whl", hash = "sha256:d14d30e7f46a0476efb0deb5b61343b1526f73ebb5ed84f23dc794bdb88f9d9f"},
    {file = "tornado-6.1-cp38-cp38-manylinux2014_aarch64.whl", hash = "sha256:8f959b26f2634a091bb42241c3ed8d3cedb506e7c27b8dd5c7b9f745318ddbb6"},
    {file = "tornado-6.1-cp38-cp38-win32.whl", hash = "sha256:34ca2dac9e4d7afb0bed4677512e36a52f09caa6fded70b4e3e1c89dbd92c326"},
    {file = "tornado-6.1-cp38-cp38-win_amd64.whl", hash = "sha256:6196a5c39286cc37c024cd78834fb9345e464525d8991c21e908cc046d1cc02c"},
    {file = "tornado-6.1-cp39-cp39-macosx_10_9_x86_64.whl", hash = "sha256:f0ba29bafd8e7e22920567ce0d232c26d4d47c8b5cf4ed7b562b5db39fa199c5"},
    {file = "tornado-6.1-cp39-cp39-manylinux1_i686.whl", hash = "sha256:33892118b165401f291070100d6d09359ca74addda679b60390b09f8ef325ffe"},
    {file = "tornado-6.1-cp39-cp39-manylinux1_x86_64.whl", hash = "sha256:7da13da6f985aab7f6f28debab00c67ff9cbacd588e8477034c0652ac141feea"},
    {file = "tornado-6.1-cp39-cp39-manylinux2010_i686.whl", hash = "sha256:e0791ac58d91ac58f694d8d2957884df8e4e2f6687cdf367ef7eb7497f79eaa2"},
    {file = "tornado-6.1-cp39-cp39-manylinux2010_x86_64.whl", hash = "sha256:66324e4e1beede9ac79e60f88de548da58b1f8ab4b2f1354d8375774f997e6c0"},
    {file = "tornado-6.1-cp39-cp39-manylinux2014_aarch64.whl", hash = "sha256:a48900ecea1cbb71b8c71c620dee15b62f85f7c14189bdeee54966fbd9a0c5bd"},
    {file = "tornado-6.1-cp39-cp39-win32.whl", hash = "sha256:d3d20ea5782ba63ed13bc2b8c291a053c8d807a8fa927d941bd718468f7b950c"},
    {file = "tornado-6.1-cp39-cp39-win_amd64.whl", hash = "sha256:548430be2740e327b3fe0201abe471f314741efcb0067ec4f2d7dcfb4825f3e4"},
    {file = "tornado-6.1.tar.gz", hash = "sha256:33c6e81d7bd55b468d2e793517c909b139960b6c790a60b7991b9b6b76fb9791"},
]
urllib3 = [
    {file = "urllib3-1.26.9-py2.py3-none-any.whl", hash = "sha256:44ece4d53fb1706f667c9bd1c648f5469a2ec925fcf3a776667042d645472c14"},
    {file = "urllib3-1.26.9.tar.gz", hash = "sha256:aabaf16477806a5e1dd19aa41f8c2b7950dd3c746362d7e3223dbe6de6ac448e"},
]
websocket-client = [
    {file = "websocket-client-1.3.1.tar.gz", hash = "sha256:6278a75065395418283f887de7c3beafb3aa68dada5cacbe4b214e8d26da499b"},
    {file = "websocket_client-1.3.1-py3-none-any.whl", hash = "sha256:074e2ed575e7c822fc0940d31c3ac9bb2b1142c303eafcf3e304e6ce035522e8"},
]
